
Microsoft Visual Studio Solution File, Format Version 12.00
# Visual Studio Version 17
VisualStudioVersion = 17.7.34024.191
MinimumVisualStudioVersion = 10.0.40219.1
Project("{FAE04EC0-301F-11D3-BF4B-00C04F79EFBC}") = "Enums.DaysOfWeek", "Enums\Enums.DaysOfWeek.csproj", "{A16DAEA6-8FF0-4652-8B7C-EF8C0C8C75AE}"
EndProject
Global
	GlobalSection(SolutionConfigurationPlatforms) = preSolution
		Debug|Any CPU = Debug|Any CPU
		Release|Any CPU = Release|Any CPU
	EndGlobalSection
	GlobalSection(ProjectConfigurationPlatforms) = postSolution
		{A16DAEA6-8FF0-4652-8B7C-EF8C0C8C75AE}.Debug|Any CPU.ActiveCfg = Debug|Any CPU
		{A16DAEA6-8FF0-4652-8B7C-EF8C0C8C75AE}.Debug|Any CPU.Build.0 = Debug|Any CPU
		{A16DAEA6-8FF0-4652-8B7C-EF8C0C8C75AE}.Release|Any CPU.ActiveCfg = Release|Any CPU
		{A16DAEA6-8FF0-4652-8B7C-EF8C0C8C75AE}.Release|Any CPU.Build.0 = Release|Any CPU
	EndGlobalSection
	GlobalSection(SolutionProperties) = preSolution
		HideSolutionNode = FALSE
	EndGlobalSection
	GlobalSection(ExtensibilityGlobals) = postSolution
		SolutionGuid = {EDD91A02-A9D6-4CAE-ADD4-513FB8EF9B71}
	EndGlobalSection
EndGlobal
